
Microsoft Visual Studio Solution File, Format Version 12.00
# Visual Studio Version 16
VisualStudioVersion = 16.0.28606.126
MinimumVisualStudioVersion = 10.0.40219.1
Project("{9A19103F-16F7-4668-BE54-9A1E7A4F7556}") = "BaseSite.Server", "BaseSite.Server\BaseSite.Server.csproj", "{25181577-2EDB-4B31-9EFB-A46E382A0215}"
EndProject
Project("{9A19103F-16F7-4668-BE54-9A1E7A4F7556}") = "BaseSite.App", "BaseSite.App\BaseSite.App.csproj", "{890682AD-743B-4927-AB78-184E29B9713A}"
EndProject
Global
	GlobalSection(SolutionConfigurationPlatforms) = preSolution
		Debug|Any CPU = Debug|Any CPU
		Release|Any CPU = Release|Any CPU
	EndGlobalSection
	GlobalSection(ProjectConfigurationPlatforms) = postSolution
		{25181577-2EDB-4B31-9EFB-A46E382A0215}.Debug|Any CPU.ActiveCfg = Debug|Any CPU
		{25181577-2EDB-4B31-9EFB-A46E382A0215}.Debug|Any CPU.Build.0 = Debug|Any CPU
		{25181577-2EDB-4B31-9EFB-A46E382A0215}.Release|Any CPU.ActiveCfg = Release|Any CPU
		{25181577-2EDB-4B31-9EFB-A46E382A0215}.Release|Any CPU.Build.0 = Release|Any CPU
		{890682AD-743B-4927-AB78-184E29B9713A}.Debug|Any CPU.ActiveCfg = Debug|Any CPU
		{890682AD-743B-4927-AB78-184E29B9713A}.Debug|Any CPU.Build.0 = Debug|Any CPU
		{890682AD-743B-4927-AB78-184E29B9713A}.Release|Any CPU.ActiveCfg = Release|Any CPU
		{890682AD-743B-4927-AB78-184E29B9713A}.Release|Any CPU.Build.0 = Release|Any CPU
	EndGlobalSection
	GlobalSection(SolutionProperties) = preSolution
		HideSolutionNode = FALSE
	EndGlobalSection
	GlobalSection(ExtensibilityGlobals) = postSolution
		SolutionGuid = {EFAB1362-9240-4BD9-93FD-1FB9745394CA}
	EndGlobalSection
EndGlobal
